
Microsoft Visual Studio Solution File, Format Version 12.00
# Visual Studio Version 17
VisualStudioVersion = 17.14.36908.2 d17.14
MinimumVisualStudioVersion = 10.0.40219.1
Project("{FAE04EC0-301F-11D3-BF4B-00C04F79EFBC}") = "BlockWebsites", "BlockWebsites\BlockWebsites.csproj", "{47549810-8A68-4865-8600-D255D2B82004}"
EndProject
Global
	GlobalSection(SolutionConfigurationPlatforms) = preSolution
		Debug|Any CPU = Debug|Any CPU
		Release|Any CPU = Release|Any CPU
	EndGlobalSection
	GlobalSection(ProjectConfigurationPlatforms) = postSolution
		{47549810-8A68-4865-8600-D255D2B82004}.Debug|Any CPU.ActiveCfg = Debug|Any CPU
		{47549810-8A68-4865-8600-D255D2B82004}.Debug|Any CPU.Build.0 = Debug|Any CPU
		{47549810-8A68-4865-8600-D255D2B82004}.Release|Any CPU.ActiveCfg = Release|Any CPU
		{47549810-8A68-4865-8600-D255D2B82004}.Release|Any CPU.Build.0 = Release|Any CPU
	EndGlobalSection
	GlobalSection(SolutionProperties) = preSolution
		HideSolutionNode = FALSE
	EndGlobalSection
	GlobalSection(ExtensibilityGlobals) = postSolution
		SolutionGuid = {428FBD8E-13FF-4C0C-8006-54EF00959EFC}
	EndGlobalSection
EndGlobal
